// !$*UTF8*$!
{
	archiveVersion = 1;
	classes = {
	};
	objectVersion = 51;
	objects = {

/* Begin PBXBuildFile section */
		95A6E967069735CC35AC0AB7 /* Pods_FlagQuiz.framework in Frameworks */ = {isa = PBXBuildFile; fileRef = 15DF35329599C8A4D1FA2ABC /* Pods_FlagQuiz.framework */; };
		AF73B33623AD351C006E0BDC /* AppDelegate.swift in Sources */ = {isa = PBXBuildFile; fileRef = AF73B33523AD351C006E0BDC /* AppDelegate.swift */; };
		AF73B33823AD351C006E0BDC /* ViewController.swift in Sources */ = {isa = PBXBuildFile; fileRef = AF73B33723AD351C006E0BDC /* ViewController.swift */; };
		AF73B33B23AD351C006E0BDC /* Main.storyboard in Resources */ = {isa = PBXBuildFile; fileRef = AF73B33923AD351C006E0BDC /* Main.storyboard */; };
		AF73B33D23AD351D006E0BDC /* Assets.xcassets in Resources */ = {isa = PBXBuildFile; fileRef = AF73B33C23AD351D006E0BDC /* Assets.xcassets */; };
		AF73B34023AD351D006E0BDC /* LaunchScreen.storyboard in Resources */ = {isa = PBXBuildFile; fileRef = AF73B33E23AD351D006E0BDC /* LaunchScreen.storyboard */; };
		AF73B34823AD7FCE006E0BDC /* GetFlags.swift in Sources */ = {isa = PBXBuildFile; fileRef = AF73B34723AD7FCE006E0BDC /* GetFlags.swift */; };
		AFCB59F423B0B53800E69A14 /* FlagViewController.swift in Sources */ = {isa = PBXBuildFile; fileRef = AFCB59F323B0B53800E69A14 /* FlagViewController.swift */; };
		AFE3962A23B6ABEA00C33F34 /* Countries in Resources */ = {isa = PBXBuildFile; fileRef = AFE3962923B6ABEA00C33F34 /* Countries */; };
/* End PBXBuildFile section */

/* Begin PBXFileReference section */
		0D55A14A3136BD148ED3100B /* Pods-FlagQuiz.release.xcconfig */ = {isa = PBXFileReference; includeInIndex = 1; lastKnownFileType = text.xcconfig; name = "Pods-FlagQuiz.release.xcconfig"; path = "Target Support Files/Pods-FlagQuiz/Pods-FlagQuiz.release.xcconfig"; sourceTree = "<group>"; };
		15DF35329599C8A4D1FA2ABC /* Pods_FlagQuiz.framework */ = {isa = PBXFileReference; explicitFileType = wrapper.framework; includeInIndex = 0; path = Pods_FlagQuiz.framework; sourceTree = BUILT_PRODUCTS_DIR; };
		AF73B33223AD351C006E0BDC /* FlagQuiz.app */ = {isa = PBXFileReference; explicitFileType = wrapper.application; includeInIndex = 0; path = FlagQuiz.app; sourceTree = BUILT_PRODUCTS_DIR; };
		AF73B33523AD351C006E0BDC /* AppDelegate.swift */ = {isa = PBXFileReference; lastKnownFileType = sourcecode.swift; path = AppDelegate.swift; sourceTree = "<group>"; };
		AF73B33723AD351C006E0BDC /* ViewController.swift */ = {isa = PBXFileReference; lastKnownFileType = sourcecode.swift; path = ViewController.swift; sourceTree = "<group>"; };
		AF73B33A23AD351C006E0BDC /* Base */ = {isa = PBXFileReference; lastKnownFileType = file.storyboard; name = Base; path = Base.lproj/Main.storyboard; sourceTree = "<group>"; };
		AF73B33C23AD351D006E0BDC /* Assets.xcassets */ = {isa = PBXFileReference; lastKnownFileType = folder.assetcatalog; path = Assets.xcassets; sourceTree = "<group>"; };
		AF73B33F23AD351D006E0BDC /* Base */ = {isa = PBXFileReference; lastKnownFileType = file.storyboard; name = Base; path = Base.lproj/LaunchScreen.storyboard; sourceTree = "<group>"; };
		AF73B34123AD351D006E0BDC /* Info.plist */ = {isa = PBXFileReference; lastKnownFileType = text.plist.xml; path = Info.plist; sourceTree = "<group>"; };
		AF73B34723AD7FCE006E0BDC /* GetFlags.swift */ = {isa = PBXFileReference; lastKnownFileType = sourcecode.swift; path = GetFlags.swift; sourceTree = "<group>"; };
		AFCB59F323B0B53800E69A14 /* FlagViewController.swift */ = {isa = PBXFileReference; lastKnownFileType = sourcecode.swift; path = FlagViewController.swift; sourceTree = "<group>"; };
		AFE3962923B6ABEA00C33F34 /* Countries */ = {isa = PBXFileReference; lastKnownFileType = folder; path = Countries; sourceTree = "<group>"; };
		DB16D7D32B34014671EBF125 /* Pods-FlagQuiz.debug.xcconfig */ = {isa = PBXFileReference; includeInIndex = 1; lastKnownFileType = text.xcconfig; name = "Pods-FlagQuiz.debug.xcconfig"; path = "Target Support Files/Pods-FlagQuiz/Pods-FlagQuiz.debug.xcconfig"; sourceTree = "<group>"; };
/* End PBXFileReference section */

/* Begin PBXFrameworksBuildPhase section */
		AF73B32F23AD351C006E0BDC /* Frameworks */ = {
			isa = PBXFrameworksBuildPhase;
			buildActionMask = 2147483647;
			files = (
				95A6E967069735CC35AC0AB7 /* Pods_FlagQuiz.framework in Frameworks */,
			);
			runOnlyForDeploymentPostprocessing = 0;
		};
/* End PBXFrameworksBuildPhase section */

/* Begin PBXGroup section */
		AF73B32923AD351C006E0BDC = {
			isa = PBXGroup;
			children = (
				AF73B33423AD351C006E0BDC /* FlagQuiz */,
				AF73B33323AD351C006E0BDC /* Products */,
				E7EE07774D722418EEE10EB1 /* Pods */,
				B763A2643D5C1A069522B46D /* Frameworks */,
			);
			sourceTree = "<group>";
		};
		AF73B33323AD351C006E0BDC /* Products */ = {
			isa = PBXGroup;
			children = (
				AF73B33223AD351C006E0BDC /* FlagQuiz.app */,
			);
			name = Products;
			sourceTree = "<group>";
		};
		AF73B33423AD351C006E0BDC /* FlagQuiz */ = {
			isa = PBXGroup;
			children = (
				AF73B33523AD351C006E0BDC /* AppDelegate.swift */,
				AF73B33723AD351C006E0BDC /* ViewController.swift */,
				AFE3962923B6ABEA00C33F34 /* Countries */,
				AFCB59F323B0B53800E69A14 /* FlagViewController.swift */,
				AF73B34723AD7FCE006E0BDC /* GetFlags.swift */,
				AF73B33923AD351C006E0BDC /* Main.storyboard */,
				AF73B33C23AD351D006E0BDC /* Assets.xcassets */,
				AF73B33E23AD351D006E0BDC /* LaunchScreen.storyboard */,
				AF73B34123AD351D006E0BDC /* Info.plist */,
			);
			path = FlagQuiz;
			sourceTree = "<group>";
		};
		B763A2643D5C1A069522B46D /* Frameworks */ = {
			isa = PBXGroup;
			children = (
				15DF35329599C8A4D1FA2ABC /* Pods_FlagQuiz.framework */,
			);
			name = Frameworks;
			sourceTree = "<group>";
		};
		E7EE07774D722418EEE10EB1 /* Pods */ = {
			isa = PBXGroup;
			children = (
				DB16D7D32B34014671EBF125 /* Pods-FlagQuiz.debug.xcconfig */,
				0D55A14A3136BD148ED3100B /* Pods-FlagQuiz.release.xcconfig */,
			);
			path = Pods;
			sourceTree = "<group>";
		};
/* End PBXGroup section */

/* Begin PBXNativeTarget section */
		AF73B33123AD351C006E0BDC /* FlagQuiz */ = {
			isa = PBXNativeTarget;
			buildConfigurationList = AF73B34423AD351D006E0BDC /* Build configuration list for PBXNativeTarget "FlagQuiz" */;
			buildPhases = (
				FAA9535F3E27C862FEFF6F93 /* [CP] Check Pods Manifest.lock */,
				AF73B32E23AD351C006E0BDC /* Sources */,
				AF73B32F23AD351C006E0BDC /* Frameworks */,
				AF73B33023AD351C006E0BDC /* Resources */,
				C4451E3B5357BAB85366E59D /* [CP] Embed Pods Frameworks */,
			);
			buildRules = (
			);
			dependencies = (
			);
			name = FlagQuiz;
			productName = FlagQuiz;
			productReference = AF73B33223AD351C006E0BDC /* FlagQuiz.app */;
			productType = "com.apple.product-type.application";
		};
/* End PBXNativeTarget section */

/* Begin PBXProject section */
		AF73B32A23AD351C006E0BDC /* Project object */ = {
			isa = PBXProject;
			attributes = {
				LastSwiftUpdateCheck = 1030;
				LastUpgradeCheck = 1030;
				ORGANIZATIONNAME = Henrik;
				TargetAttributes = {
					AF73B33123AD351C006E0BDC = {
						CreatedOnToolsVersion = 10.3;
					};
				};
			};
			buildConfigurationList = AF73B32D23AD351C006E0BDC /* Build configuration list for PBXProject "FlagQuiz" */;
			compatibilityVersion = "Xcode 9.3";
			developmentRegion = en;
			hasScannedForEncodings = 0;
			knownRegions = (
				en,
				Base,
			);
			mainGroup = AF73B32923AD351C006E0BDC;
			productRefGroup = AF73B33323AD351C006E0BDC /* Products */;
			projectDirPath = "";
			projectRoot = "";
			targets = (
				AF73B33123AD351C006E0BDC /* FlagQuiz */,
			);
		};
/* End PBXProject section */

/* Begin PBXResourcesBuildPhase section */
		AF73B33023AD351C006E0BDC /* Resources */ = {
			isa = PBXResourcesBuildPhase;
			buildActionMask = 2147483647;
			files = (
				AF73B34023AD351D006E0BDC /* LaunchScreen.storyboard in Resources */,
				AFE3962A23B6ABEA00C33F34 /* Countries in Resources */,
				AF73B33D23AD351D006E0BDC /* Assets.xcassets in Resources */,
				AF73B33B23AD351C006E0BDC /* Main.storyboard in Resources */,
			);
			runOnlyForDeploymentPostprocessing = 0;
		};
/* End PBXResourcesBuildPhase section */

/* Begin PBXShellScriptBuildPhase section */
		C4451E3B5357BAB85366E59D /* [CP] Embed Pods Frameworks */ = {
			isa = PBXShellScriptBuildPhase;
			buildActionMask = 2147483647;
			files = (
			);
			inputFileListPaths = (
				"${PODS_ROOT}/Target Support Files/Pods-FlagQuiz/Pods-FlagQuiz-frameworks-${CONFIGURATION}-input-files.xcfilelist",
			);
			name = "[CP] Embed Pods Frameworks";
			outputFileListPaths = (
				"${PODS_ROOT}/Target Support Files/Pods-FlagQuiz/Pods-FlagQuiz-frameworks-${CONFIGURATION}-output-files.xcfilelist",
			);
			runOnlyForDeploymentPostprocessing = 0;
			shellPath = /bin/sh;
			shellScript = "\"${PODS_ROOT}/Target Support Files/Pods-FlagQuiz/Pods-FlagQuiz-frameworks.sh\"\n";
			showEnvVarsInLog = 0;
		};
		FAA9535F3E27C862FEFF6F93 /* [CP] Check Pods Manifest.lock */ = {
			isa = PBXShellScriptBuildPhase;
			buildActionMask = 2147483647;
			files = (
			);
			inputFileListPaths = (
			);
			inputPaths = (
				"${PODS_PODFILE_DIR_PATH}/Podfile.lock",
				"${PODS_ROOT}/Manifest.lock",
			);
			name = "[CP] Check Pods Manifest.lock";
			outputFileListPaths = (
			);
			outputPaths = (
				"$(DERIVED_FILE_DIR)/Pods-FlagQuiz-checkManifestLockResult.txt",
			);
			runOnlyForDeploymentPostprocessing = 0;
			shellPath = /bin/sh;
			shellScript = "diff \"${PODS_PODFILE_DIR_PATH}/Podfile.lock\" \"${PODS_ROOT}/Manifest.lock\" > /dev/null\nif [ $? != 0 ] ; then\n    # print error to STDERR\n    echo \"error: The sandbox is not in sync with the Podfile.lock. Run 'pod install' or update your CocoaPods installation.\" >&2\n    exit 1\nfi\n# This output is used by Xcode 'outputs' to avoid re-running this script phase.\necho \"SUCCESS\" > \"${SCRIPT_OUTPUT_FILE_0}\"\n";
			showEnvVarsInLog = 0;
		};
/* End PBXShellScriptBuildPhase section */

/* Begin PBXSourcesBuildPhase section */
		AF73B32E23AD351C006E0BDC /* Sources */ = {
			isa = PBXSourcesBuildPhase;
			buildActionMask = 2147483647;
			files = (
				AFCB59F423B0B53800E69A14 /* FlagViewController.swift in Sources */,
				AF73B33823AD351C006E0BDC /* ViewController.swift in Sources */,
				AF73B33623AD351C006E0BDC /* AppDelegate.swift in Sources */,
				AF73B34823AD7FCE006E0BDC /* GetFlags.swift in Sources */,
			);
			runOnlyForDeploymentPostprocessing = 0;
		};
/* End PBXSourcesBuildPhase section */

/* Begin PBXVariantGroup section */
		AF73B33923AD351C006E0BDC /* Main.storyboard */ = {
			isa = PBXVariantGroup;
			children = (
				AF73B33A23AD351C006E0BDC /* Base */,
			);
			name = Main.storyboard;
			sourceTree = "<group>";
		};
		AF73B33E23AD351D006E0BDC /* LaunchScreen.storyboard */ = {
			isa = PBXVariantGroup;
			children = (
				AF73B33F23AD351D006E0BDC /* Base */,
			);
			name = LaunchScreen.storyboard;
			sourceTree = "<group>";
		};
/* End PBXVariantGroup section */

/* Begin XCBuildConfiguration section */
		AF73B34223AD351D006E0BDC /* Debug */ = {
			isa = XCBuildConfiguration;
			buildSettings = {
				ALWAYS_SEARCH_USER_PATHS = NO;
				CLANG_ANALYZER_NONNULL = YES;
				CLANG_ANALYZER_NUMBER_OBJECT_CONVERSION = YES_AGGRESSIVE;
				CLANG_CXX_LANGUAGE_STANDARD = "gnu++14";
				CLANG_CXX_LIBRARY = "libc++";
				CLANG_ENABLE_MODULES = YES;
				CLANG_ENABLE_OBJC_ARC = YES;
				CLANG_ENABLE_OBJC_WEAK = YES;
				CLANG_WARN_BLOCK_CAPTURE_AUTORELEASING = YES;
				CLANG_WARN_BOOL_CONVERSION = YES;
				CLANG_WARN_COMMA = YES;
				CLANG_WARN_CONSTANT_CONVERSION = YES;
				CLANG_WARN_DEPRECATED_OBJC_IMPLEMENTATIONS = YES;
				CLANG_WARN_DIRECT_OBJC_ISA_USAGE = YES_ERROR;
				CLANG_WARN_DOCUMENTATION_COMMENTS = YES;
				CLANG_WARN_EMPTY_BODY = YES;
				CLANG_WARN_ENUM_CONVERSION = YES;
				CLANG_WARN_INFINITE_RECURSION = YES;
				CLANG_WARN_INT_CONVERSION = YES;
				CLANG_WARN_NON_LITERAL_NULL_CONVERSION = YES;
				CLANG_WARN_OBJC_IMPLICIT_RETAIN_SELF = YES;
				CLANG_WARN_OBJC_LITERAL_CONVERSION = YES;
				CLANG_WARN_OBJC_ROOT_CLASS = YES_ERROR;
				CLANG_WARN_RANGE_LOOP_ANALYSIS = YES;
				CLANG_WARN_STRICT_PROTOTYPES = YES;
				CLANG_WARN_SUSPICIOUS_MOVE = YES;
				CLANG_WARN_UNGUARDED_AVAILABILITY = YES_AGGRESSIVE;
				CLANG_WARN_UNREACHABLE_CODE = YES;
				CLANG_WARN__DUPLICATE_METHOD_MATCH = YES;
				CODE_SIGN_IDENTITY = "iPhone Developer";
				COPY_PHASE_STRIP = NO;
				DEBUG_INFORMATION_FORMAT = dwarf;
				ENABLE_STRICT_OBJC_MSGSEND = YES;
				ENABLE_TESTABILITY = YES;
				GCC_C_LANGUAGE_STANDARD = gnu11;
				GCC_DYNAMIC_NO_PIC = NO;
				GCC_NO_COMMON_BLOCKS = YES;
				GCC_OPTIMIZATION_LEVEL = 0;
				GCC_PREPROCESSOR_DEFINITIONS = (
					"DEBUG=1",
					"$(inherited)",
				);
				GCC_WARN_64_TO_32_BIT_CONVERSION = YES;
				GCC_WARN_ABOUT_RETURN_TYPE = YES_ERROR;
				GCC_WARN_UNDECLARED_SELECTOR = YES;
				GCC_WARN_UNINITIALIZED_AUTOS = YES_AGGRESSIVE;
				GCC_WARN_UNUSED_FUNCTION = YES;
				GCC_WARN_UNUSED_VARIABLE = YES;
				IPHONEOS_DEPLOYMENT_TARGET = 12.4;
				MTL_ENABLE_DEBUG_INFO = INCLUDE_SOURCE;
				MTL_FAST_MATH = YES;
				ONLY_ACTIVE_ARCH = YES;
				SDKROOT = iphoneos;
				SWIFT_ACTIVE_COMPILATION_CONDITIONS = DEBUG;
				SWIFT_OPTIMIZATION_LEVEL = "-Onone";
			};
			name = Debug;
		};
		AF73B34323AD351D006E0BDC /* Release */ = {
			isa = XCBuildConfiguration;
			buildSettings = {
				ALWAYS_SEARCH_USER_PATHS = NO;
				CLANG_ANALYZER_NONNULL = YES;
				CLANG_ANALYZER_NUMBER_OBJECT_CONVERSION = YES_AGGRESSIVE;
				CLANG_CXX_LANGUAGE_STANDARD = "gnu++14";
				CLANG_CXX_LIBRARY = "libc++";
				CLANG_ENABLE_MODULES = YES;
				CLANG_ENABLE_OBJC_ARC = YES;
				CLANG_ENABLE_OBJC_WEAK = YES;
				CLANG_WARN_BLOCK_CAPTURE_AUTORELEASING = YES;
				CLANG_WARN_BOOL_CONVERSION = YES;
				CLANG_WARN_COMMA = YES;
				CLANG_WARN_CONSTANT_CONVERSION = YES;
				CLANG_WARN_DEPRECATED_OBJC_IMPLEMENTATIONS = YES;
				CLANG_WARN_DIRECT_OBJC_ISA_USAGE = YES_ERROR;
				CLANG_WARN_DOCUMENTATION_COMMENTS = YES;
				CLANG_WARN_EMPTY_BODY = YES;
				CLANG_WARN_ENUM_CONVERSION = YES;
				CLANG_WARN_INFINITE_RECURSION = YES;
				CLANG_WARN_INT_CONVERSION = YES;
				CLANG_WARN_NON_LITERAL_NULL_CONVERSION = YES;
				CLANG_WARN_OBJC_IMPLICIT_RETAIN_SELF = YES;
				CLANG_WARN_OBJC_LITERAL_CONVERSION = YES;
				CLANG_WARN_OBJC_ROOT_CLASS = YES_ERROR;
				CLANG_WARN_RANGE_LOOP_ANALYSIS = YES;
				CLANG_WARN_STRICT_PROTOTYPES = YES;
				CLANG_WARN_SUSPICIOUS_MOVE = YES;
				CLANG_WARN_UNGUARDED_AVAILABILITY = YES_AGGRESSIVE;
				CLANG_WARN_UNREACHABLE_CODE = YES;
				CLANG_WARN__DUPLICATE_METHOD_MATCH = YES;
				CODE_SIGN_IDENTITY = "iPhone Developer";
				COPY_PHASE_STRIP = NO;
				DEBUG_INFORMATION_FORMAT = "dwarf-with-dsym";
				ENABLE_NS_ASSERTIONS = NO;
				ENABLE_STRICT_OBJC_MSGSEND = YES;
				GCC_C_LANGUAGE_STANDARD = gnu11;
				GCC_NO_COMMON_BLOCKS = YES;
				GCC_WARN_64_TO_32_BIT_CONVERSION = YES;
				GCC_WARN_ABOUT_RETURN_TYPE = YES_ERROR;
				GCC_WARN_UNDECLARED_SELECTOR = YES;
				GCC_WARN_UNINITIALIZED_AUTOS = YES_AGGRESSIVE;
				GCC_WARN_UNUSED_FUNCTION = YES;
				GCC_WARN_UNUSED_VARIABLE = YES;
				IPHONEOS_DEPLOYMENT_TARGET = 12.4;
				MTL_ENABLE_DEBUG_INFO = NO;
				MTL_FAST_MATH = YES;
				SDKROOT = iphoneos;
				SWIFT_COMPILATION_MODE = wholemodule;
				SWIFT_OPTIMIZATION_LEVEL = "-O";
				VALIDATE_PRODUCT = YES;
			};
			name = Release;
		};
		AF73B34523AD351D006E0BDC /* Debug */ = {
			isa = XCBuildConfiguration;
			baseConfigurationReference = DB16D7D32B34014671EBF125 /* Pods-FlagQuiz.debug.xcconfig */;
			buildSettings = {
				ASSETCATALOG_COMPILER_APPICON_NAME = AppIcon;
				CODE_SIGN_STYLE = Automatic;
				DEVELOPMENT_TEAM = LT2ZWB24ZA;
				INFOPLIST_FILE = FlagQuiz/Info.plist;
				LD_RUNPATH_SEARCH_PATHS = (
					"$(inherited)",
					"@executable_path/Frameworks",
				);
				PRODUCT_BUNDLE_IDENTIFIER = "se.henriklarsson-FlagQuiz.FlagQuiz";
				PRODUCT_NAME = "$(TARGET_NAME)";
				SWIFT_VERSION = 5.0;
				TARGETED_DEVICE_FAMILY = "1,2";
			};
			name = Debug;
		};
		AF73B34623AD351D006E0BDC /* Release */ = {
			isa = XCBuildConfiguration;
			baseConfigurationReference = 0D55A14A3136BD148ED3100B /* Pods-FlagQuiz.release.xcconfig */;
			buildSettings = {
				ASSETCATALOG_COMPILER_APPICON_NAME = AppIcon;
				CODE_SIGN_STYLE = Automatic;
				DEVELOPMENT_TEAM = LT2ZWB24ZA;
				INFOPLIST_FILE = FlagQuiz/Info.plist;
				LD_RUNPATH_SEARCH_PATHS = (
					"$(inherited)",
					"@executable_path/Frameworks",
				);
				PRODUCT_BUNDLE_IDENTIFIER = "se.henriklarsson-FlagQuiz.FlagQuiz";
				PRODUCT_NAME = "$(TARGET_NAME)";
				SWIFT_VERSION = 5.0;
				TARGETED_DEVICE_FAMILY = "1,2";
			};
			name = Release;
		};
/* End XCBuildConfiguration section */

/* Begin XCConfigurationList section */
		AF73B32D23AD351C006E0BDC /* Build configuration list for PBXProject "FlagQuiz" */ = {
			isa = XCConfigurationList;
			buildConfigurations = (
				AF73B34223AD351D006E0BDC /* Debug */,
				AF73B34323AD351D006E0BDC /* Release */,
			);
			defaultConfigurationIsVisible = 0;
			defaultConfigurationName = Release;
		};
		AF73B34423AD351D006E0BDC /* Build configuration list for PBXNativeTarget "FlagQuiz" */ = {
			isa = XCConfigurationList;
			buildConfigurations = (
				AF73B34523AD351D006E0BDC /* Debug */,
				AF73B34623AD351D006E0BDC /* Release */,
			);
			defaultConfigurationIsVisible = 0;
			defaultConfigurationName = Release;
		};
/* End XCConfigurationList section */
	};
	rootObject = AF73B32A23AD351C006E0BDC /* Project object */;
}
